
Microsoft Visual Studio Solution File, Format Version 12.00
# Visual Studio 15
VisualStudioVersion = 15.0.26730.16
MinimumVisualStudioVersion = 10.0.40219.1
Project("{8BC9CEB8-8B4A-11D0-8D11-00A0C91BC942}") = "SDL2", "SDL2\SDL2.vcxproj", "{B1192C0F-F691-4122-826F-47D6155DE22F}"
EndProject
Global
	GlobalSection(SolutionConfigurationPlatforms) = preSolution
		Debug|x64 = Debug|x64
		Debug|x86 = Debug|x86
		Release|x64 = Release|x64
		Release|x86 = Release|x86
	EndGlobalSection
	GlobalSection(ProjectConfigurationPlatforms) = postSolution
		{B1192C0F-F691-4122-826F-47D6155DE22F}.Debug|x64.ActiveCfg = Debug|x64
		{B1192C0F-F691-4122-826F-47D6155DE22F}.Debug|x64.Build.0 = Debug|x64
		{B1192C0F-F691-4122-826F-47D6155DE22F}.Debug|x86.ActiveCfg = Debug|Win32
		{B1192C0F-F691-4122-826F-47D6155DE22F}.Debug|x86.Build.0 = Debug|Win32
		{B1192C0F-F691-4122-826F-47D6155DE22F}.Release|x64.ActiveCfg = Release|x64
		{B1192C0F-F691-4122-826F-47D6155DE22F}.Release|x64.Build.0 = Release|x64
		{B1192C0F-F691-4122-826F-47D6155DE22F}.Release|x86.ActiveCfg = Release|Win32
		{B1192C0F-F691-4122-826F-47D6155DE22F}.Release|x86.Build.0 = Release|Win32
	EndGlobalSection
	GlobalSection(SolutionProperties) = preSolution
		HideSolutionNode = FALSE
	EndGlobalSection
	GlobalSection(ExtensibilityGlobals) = postSolution
		SolutionGuid = {E5C9E94F-2DFE-4ED0-BC87-608602988D65}
	EndGlobalSection
EndGlobal
